
Microsoft Visual Studio Solution File, Format Version 12.00
# Visual Studio 2013
VisualStudioVersion = 12.0.30723.0
MinimumVisualStudioVersion = 10.0.40219.1
Project("{FAE04EC0-301F-11D3-BF4B-00C04F79EFBC}") = "ConsoleApplication50", "ConsoleApplication50\ConsoleApplication50.csproj", "{580BC20D-345E-4665-94B6-3C9FDD110C73}"
EndProject
Global
	GlobalSection(SolutionConfigurationPlatforms) = preSolution
		Debug|Any CPU = Debug|Any CPU
		Release|Any CPU = Release|Any CPU
	EndGlobalSection
	GlobalSection(ProjectConfigurationPlatforms) = postSolution
		{580BC20D-345E-4665-94B6-3C9FDD110C73}.Debug|Any CPU.ActiveCfg = Debug|Any CPU
		{580BC20D-345E-4665-94B6-3C9FDD110C73}.Debug|Any CPU.Build.0 = Debug|Any CPU
		{580BC20D-345E-4665-94B6-3C9FDD110C73}.Release|Any CPU.ActiveCfg = Release|Any CPU
		{580BC20D-345E-4665-94B6-3C9FDD110C73}.Release|Any CPU.Build.0 = Release|Any CPU
	EndGlobalSection
	GlobalSection(SolutionProperties) = preSolution
		HideSolutionNode = FALSE
	EndGlobalSection
EndGlobal
